
Microsoft Visual Studio Solution File, Format Version 10.00
# Visual Studio 2008
Project("{FAE04EC0-301F-11D3-BF4B-00C04F79EFBC}") = "3DEvaluateSystem", "3DEvaluateSystem\3DEvaluateSystem.csproj", "{B7C2E7C3-DB42-41B8-BF61-DE7074B901E5}"
EndProject
Project("{FAE04EC0-301F-11D3-BF4B-00C04F79EFBC}") = "Test", "Test\Test.csproj", "{76EE6A5A-E7E1-465A-BCC7-145A16983E76}"
EndProject
Global
	GlobalSection(SolutionConfigurationPlatforms) = preSolution
		Debug|Any CPU = Debug|Any CPU
		Release|Any CPU = Release|Any CPU
	EndGlobalSection
	GlobalSection(ProjectConfigurationPlatforms) = postSolution
		{B7C2E7C3-DB42-41B8-BF61-DE7074B901E5}.Debug|Any CPU.ActiveCfg = Debug|Any CPU
		{B7C2E7C3-DB42-41B8-BF61-DE7074B901E5}.Debug|Any CPU.Build.0 = Debug|Any CPU
		{B7C2E7C3-DB42-41B8-BF61-DE7074B901E5}.Release|Any CPU.ActiveCfg = Release|Any CPU
		{B7C2E7C3-DB42-41B8-BF61-DE7074B901E5}.Release|Any CPU.Build.0 = Release|Any CPU
		{76EE6A5A-E7E1-465A-BCC7-145A16983E76}.Debug|Any CPU.ActiveCfg = Debug|Any CPU
		{76EE6A5A-E7E1-465A-BCC7-145A16983E76}.Debug|Any CPU.Build.0 = Debug|Any CPU
		{76EE6A5A-E7E1-465A-BCC7-145A16983E76}.Release|Any CPU.ActiveCfg = Release|Any CPU
		{76EE6A5A-E7E1-465A-BCC7-145A16983E76}.Release|Any CPU.Build.0 = Release|Any CPU
	EndGlobalSection
	GlobalSection(SolutionProperties) = preSolution
		HideSolutionNode = FALSE
	EndGlobalSection
EndGlobal
